
Microsoft Visual Studio Solution File, Format Version 12.00
# Visual Studio Version 16
VisualStudioVersion = 16.0.29411.108
MinimumVisualStudioVersion = 10.0.40219.1
Project("{888888A0-9F3D-457C-B088-3A5042F75D52}") = "DailyPoll", "DailyPoll\DailyPoll.pyproj", "{075A760D-077B-42C4-9BA2-0A2658CBBD0D}"
EndProject
Global
	GlobalSection(SolutionConfigurationPlatforms) = preSolution
		Debug|Any CPU = Debug|Any CPU
		Release|Any CPU = Release|Any CPU
	EndGlobalSection
	GlobalSection(ProjectConfigurationPlatforms) = postSolution
		{075A760D-077B-42C4-9BA2-0A2658CBBD0D}.Debug|Any CPU.ActiveCfg = Debug|Any CPU
		{075A760D-077B-42C4-9BA2-0A2658CBBD0D}.Debug|Any CPU.Build.0 = Debug|Any CPU
		{075A760D-077B-42C4-9BA2-0A2658CBBD0D}.Release|Any CPU.ActiveCfg = Release|Any CPU
		{075A760D-077B-42C4-9BA2-0A2658CBBD0D}.Release|Any CPU.Build.0 = Release|Any CPU
	EndGlobalSection
	GlobalSection(SolutionProperties) = preSolution
		HideSolutionNode = FALSE
	EndGlobalSection
	GlobalSection(ExtensibilityGlobals) = postSolution
		SolutionGuid = {6FBA2A91-6F45-498C-A973-AD97D863E3F9}
	EndGlobalSection
EndGlobal
